# This file was autogenerated by Stack.
# You should not edit this file by hand.
# For more information, please see the documentation at:
#   https://docs.haskellstack.org/en/stable/lock_files

packages:
- completed:
    hackage: brick-1.1@sha256:a4d13f2ae42acb61bb9850033181059e0cd0ed34ded39154f72cdbc7d083dc0b,17828
    pantry-tree:
      size: 6686
      sha256: 7267fcc9b1c23186c996ff998aeafe88832e0f11595a9b00d3cc783777b930da
  original:
    hackage: brick-1.1
- completed:
    hackage: text-zipper-0.12@sha256:e96110598fc25e57a99ffcd8e583351af8b325b813aa5e3bd0adc627e3e02b6b,1472
    pantry-tree:
      size: 604
      sha256: 51edf26c8f66b1356c820b183e6442f8245ec2aef450fde4cd56db566347daa0
  original:
    hackage: text-zipper-0.12
snapshots:
- completed:
    size: 619391
    url: https://raw.githubusercontent.com/commercialhaskell/stackage-snapshots/master/lts/19/21.yaml
    sha256: fe8926aaa3f05bb1a0a82551d2e221f267726fe73ac369d74f7b909d45b92fba
  original:
    url: https://raw.githubusercontent.com/commercialhaskell/stackage-snapshots/master/lts/19/21.yaml
